// !$*UTF8*$!
{
	archiveVersion = 1;
	classes = {
	};
	objectVersion = 48;
	objects = {

/* Begin PBXBuildFile section */
		BB02C0B21F8E72E500344806 /* ViewController.m in Sources */ = {isa = PBXBuildFile; fileRef = BB02C0B01F8E72E400344806 /* ViewController.m */; };
		BB02C0B51F8E735400344806 /* MapViewController.m in Sources */ = {isa = PBXBuildFile; fileRef = BB02C0B41F8E735400344806 /* MapViewController.m */; };
		BB02C0B81F8E736800344806 /* InfoViewController.m in Sources */ = {isa = PBXBuildFile; fileRef = BB02C0B71F8E736800344806 /* InfoViewController.m */; };
		BB02C0BB1F8E738300344806 /* ListViewController.m in Sources */ = {isa = PBXBuildFile; fileRef = BB02C0BA1F8E738300344806 /* ListViewController.m */; };
		BB02C0BE1F8E73AA00344806 /* SetViewController.m in Sources */ = {isa = PBXBuildFile; fileRef = BB02C0BC1F8E73A900344806 /* SetViewController.m */; };
		BB4F9FE01F87B6E400108C3C /* AppDelegate.m in Sources */ = {isa = PBXBuildFile; fileRef = BB4F9FDF1F87B6E400108C3C /* AppDelegate.m */; };
		BB4F9FE91F87B6E400108C3C /* RememberAll.xcdatamodeld in Sources */ = {isa = PBXBuildFile; fileRef = BB4F9FE71F87B6E400108C3C /* RememberAll.xcdatamodeld */; };
		BB4F9FEB1F87B6E400108C3C /* Assets.xcassets in Resources */ = {isa = PBXBuildFile; fileRef = BB4F9FEA1F87B6E400108C3C /* Assets.xcassets */; };
		BB4F9FEE1F87B6E400108C3C /* LaunchScreen.storyboard in Resources */ = {isa = PBXBuildFile; fileRef = BB4F9FEC1F87B6E400108C3C /* LaunchScreen.storyboard */; };
		BB4F9FF11F87B6E400108C3C /* main.m in Sources */ = {isa = PBXBuildFile; fileRef = BB4F9FF01F87B6E400108C3C /* main.m */; };
		D3E773F92B9A6BB6E8E7ECF5 /* Pods_RememberAll.framework in Frameworks */ = {isa = PBXBuildFile; fileRef = 552F3D6EFFD28C31C9BDFCF7 /* Pods_RememberAll.framework */; };
/* End PBXBuildFile section */

/* Begin PBXFileReference section */
		3B969F91F90D3A392AE5A021 /* Pods-RememberAll.debug.xcconfig */ = {isa = PBXFileReference; includeInIndex = 1; lastKnownFileType = text.xcconfig; name = "Pods-RememberAll.debug.xcconfig"; path = "Pods/Target Support Files/Pods-RememberAll/Pods-RememberAll.debug.xcconfig"; sourceTree = "<group>"; };
		552F3D6EFFD28C31C9BDFCF7 /* Pods_RememberAll.framework */ = {isa = PBXFileReference; explicitFileType = wrapper.framework; includeInIndex = 0; path = Pods_RememberAll.framework; sourceTree = BUILT_PRODUCTS_DIR; };
		BB02C0B01F8E72E400344806 /* ViewController.m */ = {isa = PBXFileReference; fileEncoding = 4; lastKnownFileType = sourcecode.c.objc; name = ViewController.m; path = RememberAll/TabBarController/ViewController.m; sourceTree = "<group>"; };
		BB02C0B11F8E72E500344806 /* ViewController.h */ = {isa = PBXFileReference; fileEncoding = 4; lastKnownFileType = sourcecode.c.h; name = ViewController.h; path = RememberAll/TabBarController/ViewController.h; sourceTree = "<group>"; };
		BB02C0B31F8E735400344806 /* MapViewController.h */ = {isa = PBXFileReference; fileEncoding = 4; lastKnownFileType = sourcecode.c.h; name = MapViewController.h; path = RememberAll/MapViewController/MapViewController.h; sourceTree = "<group>"; };
		BB02C0B41F8E735400344806 /* MapViewController.m */ = {isa = PBXFileReference; fileEncoding = 4; lastKnownFileType = sourcecode.c.objc; name = MapViewController.m; path = RememberAll/MapViewController/MapViewController.m; sourceTree = "<group>"; };
		BB02C0B61F8E736800344806 /* InfoViewController.h */ = {isa = PBXFileReference; fileEncoding = 4; lastKnownFileType = sourcecode.c.h; name = InfoViewController.h; path = RememberAll/InfoViewController/InfoViewController.h; sourceTree = "<group>"; };
		BB02C0B71F8E736800344806 /* InfoViewController.m */ = {isa = PBXFileReference; fileEncoding = 4; lastKnownFileType = sourcecode.c.objc; name = InfoViewController.m; path = RememberAll/InfoViewController/InfoViewController.m; sourceTree = "<group>"; };
		BB02C0B91F8E738300344806 /* ListViewController.h */ = {isa = PBXFileReference; fileEncoding = 4; lastKnownFileType = sourcecode.c.h; name = ListViewController.h; path = RememberAll/ListViewController/ListViewController.h; sourceTree = "<group>"; };
		BB02C0BA1F8E738300344806 /* ListViewController.m */ = {isa = PBXFileReference; fileEncoding = 4; lastKnownFileType = sourcecode.c.objc; name = ListViewController.m; path = RememberAll/ListViewController/ListViewController.m; sourceTree = "<group>"; };
		BB02C0BC1F8E73A900344806 /* SetViewController.m */ = {isa = PBXFileReference; fileEncoding = 4; lastKnownFileType = sourcecode.c.objc; name = SetViewController.m; path = RememberAll/SetViewController/SetViewController.m; sourceTree = "<group>"; };
		BB02C0BD1F8E73A900344806 /* SetViewController.h */ = {isa = PBXFileReference; fileEncoding = 4; lastKnownFileType = sourcecode.c.h; name = SetViewController.h; path = RememberAll/SetViewController/SetViewController.h; sourceTree = "<group>"; };
		BB4F9FDB1F87B6E400108C3C /* RememberAll.app */ = {isa = PBXFileReference; explicitFileType = wrapper.application; includeInIndex = 0; path = RememberAll.app; sourceTree = BUILT_PRODUCTS_DIR; };
		BB4F9FDE1F87B6E400108C3C /* AppDelegate.h */ = {isa = PBXFileReference; lastKnownFileType = sourcecode.c.h; path = AppDelegate.h; sourceTree = "<group>"; };
		BB4F9FDF1F87B6E400108C3C /* AppDelegate.m */ = {isa = PBXFileReference; lastKnownFileType = sourcecode.c.objc; path = AppDelegate.m; sourceTree = "<group>"; };
		BB4F9FE81F87B6E400108C3C /* RememberAll.xcdatamodel */ = {isa = PBXFileReference; lastKnownFileType = wrapper.xcdatamodel; path = RememberAll.xcdatamodel; sourceTree = "<group>"; };
		BB4F9FEA1F87B6E400108C3C /* Assets.xcassets */ = {isa = PBXFileReference; lastKnownFileType = folder.assetcatalog; path = Assets.xcassets; sourceTree = "<group>"; };
		BB4F9FED1F87B6E400108C3C /* Base */ = {isa = PBXFileReference; lastKnownFileType = file.storyboard; name = Base; path = Base.lproj/LaunchScreen.storyboard; sourceTree = "<group>"; };
		BB4F9FEF1F87B6E400108C3C /* Info.plist */ = {isa = PBXFileReference; lastKnownFileType = text.plist.xml; path = Info.plist; sourceTree = "<group>"; };
		BB4F9FF01F87B6E400108C3C /* main.m */ = {isa = PBXFileReference; lastKnownFileType = sourcecode.c.objc; path = main.m; sourceTree = "<group>"; };
		ED830BA6BEB727997D805D42 /* Pods-RememberAll.release.xcconfig */ = {isa = PBXFileReference; includeInIndex = 1; lastKnownFileType = text.xcconfig; name = "Pods-RememberAll.release.xcconfig"; path = "Pods/Target Support Files/Pods-RememberAll/Pods-RememberAll.release.xcconfig"; sourceTree = "<group>"; };
/* End PBXFileReference section */

/* Begin PBXFrameworksBuildPhase section */
		BB4F9FD81F87B6E400108C3C /* Frameworks */ = {
			isa = PBXFrameworksBuildPhase;
			buildActionMask = 2147483647;
			files = (
				D3E773F92B9A6BB6E8E7ECF5 /* Pods_RememberAll.framework in Frameworks */,
			);
			runOnlyForDeploymentPostprocessing = 0;
		};
/* End PBXFrameworksBuildPhase section */

/* Begin PBXGroup section */
		BB0EA50A1F8EB81E00F3FDA3 /* TabBarController */ = {
			isa = PBXGroup;
			children = (
				BB02C0B11F8E72E500344806 /* ViewController.h */,
				BB02C0B01F8E72E400344806 /* ViewController.m */,
			);
			name = TabBarController;
			path = ..;
			sourceTree = "<group>";
		};
		BB0EA50B1F8EB85800F3FDA3 /* MapViewController */ = {
			isa = PBXGroup;
			children = (
				BB02C0B31F8E735400344806 /* MapViewController.h */,
				BB02C0B41F8E735400344806 /* MapViewController.m */,
			);
			name = MapViewController;
			path = ..;
			sourceTree = "<group>";
		};
		BB0EA50E1F8EB8BD00F3FDA3 /* InfoViewController */ = {
			isa = PBXGroup;
			children = (
				BB02C0B61F8E736800344806 /* InfoViewController.h */,
				BB02C0B71F8E736800344806 /* InfoViewController.m */,
			);
			name = InfoViewController;
			path = ..;
			sourceTree = "<group>";
		};
		BB0EA50F1F8EB8E200F3FDA3 /* ListViewController */ = {
			isa = PBXGroup;
			children = (
				BB02C0B91F8E738300344806 /* ListViewController.h */,
				BB02C0BA1F8E738300344806 /* ListViewController.m */,
			);
			name = ListViewController;
			path = ..;
			sourceTree = "<group>";
		};
		BB0EA5101F8EB8F900F3FDA3 /* SetViewController */ = {
			isa = PBXGroup;
			children = (
				BB02C0BC1F8E73A900344806 /* SetViewController.m */,
				BB02C0BD1F8E73A900344806 /* SetViewController.h */,
			);
			name = SetViewController;
			path = ..;
			sourceTree = "<group>";
		};
		BB4F9FD21F87B6E400108C3C = {
			isa = PBXGroup;
			children = (
				BB4F9FDD1F87B6E400108C3C /* RememberAll */,
				C0E0EF23C16977B75744C161 /* Frameworks */,
				BB4F9FDC1F87B6E400108C3C /* Products */,
			);
			sourceTree = "<group>";
		};
		BB4F9FDC1F87B6E400108C3C /* Products */ = {
			isa = PBXGroup;
			children = (
				BB4F9FDB1F87B6E400108C3C /* RememberAll.app */,
			);
			name = Products;
			sourceTree = "<group>";
		};
		BB4F9FDD1F87B6E400108C3C /* RememberAll */ = {
			isa = PBXGroup;
			children = (
				BB4F9FDE1F87B6E400108C3C /* AppDelegate.h */,
				BB4F9FDF1F87B6E400108C3C /* AppDelegate.m */,
				BB0EA50A1F8EB81E00F3FDA3 /* TabBarController */,
				BB0EA50B1F8EB85800F3FDA3 /* MapViewController */,
				BB0EA50E1F8EB8BD00F3FDA3 /* InfoViewController */,
				BB0EA50F1F8EB8E200F3FDA3 /* ListViewController */,
				BB0EA5101F8EB8F900F3FDA3 /* SetViewController */,
				BB4F9FEA1F87B6E400108C3C /* Assets.xcassets */,
				BB4F9FEC1F87B6E400108C3C /* LaunchScreen.storyboard */,
				BB4F9FE71F87B6E400108C3C /* RememberAll.xcdatamodeld */,
				BB4F9FF01F87B6E400108C3C /* main.m */,
				BB4F9FEF1F87B6E400108C3C /* Info.plist */,
				F0682E74FCA1923E2377AA96 /* Pods */,
			);
			path = RememberAll;
			sourceTree = "<group>";
		};
		C0E0EF23C16977B75744C161 /* Frameworks */ = {
			isa = PBXGroup;
			children = (
				552F3D6EFFD28C31C9BDFCF7 /* Pods_RememberAll.framework */,
			);
			name = Frameworks;
			sourceTree = "<group>";
		};
		F0682E74FCA1923E2377AA96 /* Pods */ = {
			isa = PBXGroup;
			children = (
				3B969F91F90D3A392AE5A021 /* Pods-RememberAll.debug.xcconfig */,
				ED830BA6BEB727997D805D42 /* Pods-RememberAll.release.xcconfig */,
			);
			name = Pods;
			path = ..;
			sourceTree = "<group>";
		};
/* End PBXGroup section */

/* Begin PBXNativeTarget section */
		BB4F9FDA1F87B6E400108C3C /* RememberAll */ = {
			isa = PBXNativeTarget;
			buildConfigurationList = BB4F9FF41F87B6E400108C3C /* Build configuration list for PBXNativeTarget "RememberAll" */;
			buildPhases = (
				D563402D7EAE578BD97C0586 /* [CP] Check Pods Manifest.lock */,
				BB4F9FD71F87B6E400108C3C /* Sources */,
				BB4F9FD81F87B6E400108C3C /* Frameworks */,
				BB4F9FD91F87B6E400108C3C /* Resources */,
				8FE559D7BABFBE29D1685147 /* [CP] Embed Pods Frameworks */,
				1099C9F374EF6FCA779CD271 /* [CP] Copy Pods Resources */,
			);
			buildRules = (
			);
			dependencies = (
			);
			name = RememberAll;
			productName = RememberAll;
			productReference = BB4F9FDB1F87B6E400108C3C /* RememberAll.app */;
			productType = "com.apple.product-type.application";
		};
/* End PBXNativeTarget section */

/* Begin PBXProject section */
		BB4F9FD31F87B6E400108C3C /* Project object */ = {
			isa = PBXProject;
			attributes = {
				LastUpgradeCheck = 0900;
				ORGANIZATIONNAME = "Vladimir Shabanov";
				TargetAttributes = {
					BB4F9FDA1F87B6E400108C3C = {
						CreatedOnToolsVersion = 9.0;
						ProvisioningStyle = Automatic;
					};
				};
			};
			buildConfigurationList = BB4F9FD61F87B6E400108C3C /* Build configuration list for PBXProject "RememberAll" */;
			compatibilityVersion = "Xcode 8.0";
			developmentRegion = en;
			hasScannedForEncodings = 0;
			knownRegions = (
				en,
				Base,
			);
			mainGroup = BB4F9FD21F87B6E400108C3C;
			productRefGroup = BB4F9FDC1F87B6E400108C3C /* Products */;
			projectDirPath = "";
			projectRoot = "";
			targets = (
				BB4F9FDA1F87B6E400108C3C /* RememberAll */,
			);
		};
/* End PBXProject section */

/* Begin PBXResourcesBuildPhase section */
		BB4F9FD91F87B6E400108C3C /* Resources */ = {
			isa = PBXResourcesBuildPhase;
			buildActionMask = 2147483647;
			files = (
				BB4F9FEE1F87B6E400108C3C /* LaunchScreen.storyboard in Resources */,
				BB4F9FEB1F87B6E400108C3C /* Assets.xcassets in Resources */,
			);
			runOnlyForDeploymentPostprocessing = 0;
		};
/* End PBXResourcesBuildPhase section */

/* Begin PBXShellScriptBuildPhase section */
		1099C9F374EF6FCA779CD271 /* [CP] Copy Pods Resources */ = {
			isa = PBXShellScriptBuildPhase;
			buildActionMask = 2147483647;
			files = (
			);
			inputPaths = (
				"${SRCROOT}/Pods/Target Support Files/Pods-RememberAll/Pods-RememberAll-resources.sh",
				"${PODS_ROOT}/GoogleMaps/Maps/Frameworks/GoogleMaps.framework/Resources/GoogleMaps.bundle",
				"${PODS_ROOT}/GooglePlacePicker/Frameworks/GooglePlacePicker.framework/Resources/GooglePlacePicker.bundle",
				"${PODS_ROOT}/GooglePlaces/Frameworks/GooglePlaces.framework/Resources/GooglePlaces.bundle",
			);
			name = "[CP] Copy Pods Resources";
			outputPaths = (
				"${TARGET_BUILD_DIR}/${UNLOCALIZED_RESOURCES_FOLDER_PATH}",
			);
			runOnlyForDeploymentPostprocessing = 0;
			shellPath = /bin/sh;
			shellScript = "\"${SRCROOT}/Pods/Target Support Files/Pods-RememberAll/Pods-RememberAll-resources.sh\"\n";
			showEnvVarsInLog = 0;
		};
		8FE559D7BABFBE29D1685147 /* [CP] Embed Pods Frameworks */ = {
			isa = PBXShellScriptBuildPhase;
			buildActionMask = 2147483647;
			files = (
			);
			inputPaths = (
			);
			name = "[CP] Embed Pods Frameworks";
			outputPaths = (
			);
			runOnlyForDeploymentPostprocessing = 0;
			shellPath = /bin/sh;
			shellScript = "\"${SRCROOT}/Pods/Target Support Files/Pods-RememberAll/Pods-RememberAll-frameworks.sh\"\n";
			showEnvVarsInLog = 0;
		};
		D563402D7EAE578BD97C0586 /* [CP] Check Pods Manifest.lock */ = {
			isa = PBXShellScriptBuildPhase;
			buildActionMask = 2147483647;
			files = (
			);
			inputPaths = (
				"${PODS_PODFILE_DIR_PATH}/Podfile.lock",
				"${PODS_ROOT}/Manifest.lock",
			);
			name = "[CP] Check Pods Manifest.lock";
			outputPaths = (
				"$(DERIVED_FILE_DIR)/Pods-RememberAll-checkManifestLockResult.txt",
			);
			runOnlyForDeploymentPostprocessing = 0;
			shellPath = /bin/sh;
			shellScript = "diff \"${PODS_PODFILE_DIR_PATH}/Podfile.lock\" \"${PODS_ROOT}/Manifest.lock\" > /dev/null\nif [ $? != 0 ] ; then\n    # print error to STDERR\n    echo \"error: The sandbox is not in sync with the Podfile.lock. Run 'pod install' or update your CocoaPods installation.\" >&2\n    exit 1\nfi\n# This output is used by Xcode 'outputs' to avoid re-running this script phase.\necho \"SUCCESS\" > \"${SCRIPT_OUTPUT_FILE_0}\"\n";
			showEnvVarsInLog = 0;
		};
/* End PBXShellScriptBuildPhase section */

/* Begin PBXSourcesBuildPhase section */
		BB4F9FD71F87B6E400108C3C /* Sources */ = {
			isa = PBXSourcesBuildPhase;
			buildActionMask = 2147483647;
			files = (
				BB4F9FE91F87B6E400108C3C /* RememberAll.xcdatamodeld in Sources */,
				BB02C0BE1F8E73AA00344806 /* SetViewController.m in Sources */,
				BB4F9FF11F87B6E400108C3C /* main.m in Sources */,
				BB02C0BB1F8E738300344806 /* ListViewController.m in Sources */,
				BB02C0B81F8E736800344806 /* InfoViewController.m in Sources */,
				BB02C0B51F8E735400344806 /* MapViewController.m in Sources */,
				BB02C0B21F8E72E500344806 /* ViewController.m in Sources */,
				BB4F9FE01F87B6E400108C3C /* AppDelegate.m in Sources */,
			);
			runOnlyForDeploymentPostprocessing = 0;
		};
/* End PBXSourcesBuildPhase section */

/* Begin PBXVariantGroup section */
		BB4F9FEC1F87B6E400108C3C /* LaunchScreen.storyboard */ = {
			isa = PBXVariantGroup;
			children = (
				BB4F9FED1F87B6E400108C3C /* Base */,
			);
			name = LaunchScreen.storyboard;
			sourceTree = "<group>";
		};
/* End PBXVariantGroup section */

/* Begin XCBuildConfiguration section */
		BB4F9FF21F87B6E400108C3C /* Debug */ = {
			isa = XCBuildConfiguration;
			buildSettings = {
				ALWAYS_SEARCH_USER_PATHS = NO;
				CLANG_ANALYZER_NONNULL = YES;
				CLANG_ANALYZER_NUMBER_OBJECT_CONVERSION = YES_AGGRESSIVE;
				CLANG_CXX_LANGUAGE_STANDARD = "gnu++14";
				CLANG_CXX_LIBRARY = "libc++";
				CLANG_ENABLE_MODULES = YES;
				CLANG_ENABLE_OBJC_ARC = YES;
				CLANG_WARN_BLOCK_CAPTURE_AUTORELEASING = YES;
				CLANG_WARN_BOOL_CONVERSION = YES;
				CLANG_WARN_COMMA = YES;
				CLANG_WARN_CONSTANT_CONVERSION = YES;
				CLANG_WARN_DIRECT_OBJC_ISA_USAGE = YES_ERROR;
				CLANG_WARN_DOCUMENTATION_COMMENTS = YES;
				CLANG_WARN_EMPTY_BODY = YES;
				CLANG_WARN_ENUM_CONVERSION = YES;
				CLANG_WARN_INFINITE_RECURSION = YES;
				CLANG_WARN_INT_CONVERSION = YES;
				CLANG_WARN_NON_LITERAL_NULL_CONVERSION = YES;
				CLANG_WARN_OBJC_LITERAL_CONVERSION = YES;
				CLANG_WARN_OBJC_ROOT_CLASS = YES_ERROR;
				CLANG_WARN_RANGE_LOOP_ANALYSIS = YES;
				CLANG_WARN_STRICT_PROTOTYPES = YES;
				CLANG_WARN_SUSPICIOUS_MOVE = YES;
				CLANG_WARN_UNGUARDED_AVAILABILITY = YES_AGGRESSIVE;
				CLANG_WARN_UNREACHABLE_CODE = YES;
				CLANG_WARN__DUPLICATE_METHOD_MATCH = YES;
				CODE_SIGN_IDENTITY = "iPhone Developer";
				COPY_PHASE_STRIP = NO;
				DEBUG_INFORMATION_FORMAT = dwarf;
				ENABLE_STRICT_OBJC_MSGSEND = YES;
				ENABLE_TESTABILITY = YES;
				GCC_C_LANGUAGE_STANDARD = gnu11;
				GCC_DYNAMIC_NO_PIC = NO;
				GCC_NO_COMMON_BLOCKS = YES;
				GCC_OPTIMIZATION_LEVEL = 0;
				GCC_PREPROCESSOR_DEFINITIONS = (
					"DEBUG=1",
					"$(inherited)",
				);
				GCC_WARN_64_TO_32_BIT_CONVERSION = YES;
				GCC_WARN_ABOUT_RETURN_TYPE = YES_ERROR;
				GCC_WARN_UNDECLARED_SELECTOR = YES;
				GCC_WARN_UNINITIALIZED_AUTOS = YES_AGGRESSIVE;
				GCC_WARN_UNUSED_FUNCTION = YES;
				GCC_WARN_UNUSED_VARIABLE = YES;
				IPHONEOS_DEPLOYMENT_TARGET = 9.0;
				MTL_ENABLE_DEBUG_INFO = YES;
				ONLY_ACTIVE_ARCH = YES;
				SDKROOT = iphoneos;
			};
			name = Debug;
		};
		BB4F9FF31F87B6E400108C3C /* Release */ = {
			isa = XCBuildConfiguration;
			buildSettings = {
				ALWAYS_SEARCH_USER_PATHS = NO;
				CLANG_ANALYZER_NONNULL = YES;
				CLANG_ANALYZER_NUMBER_OBJECT_CONVERSION = YES_AGGRESSIVE;
				CLANG_CXX_LANGUAGE_STANDARD = "gnu++14";
				CLANG_CXX_LIBRARY = "libc++";
				CLANG_ENABLE_MODULES = YES;
				CLANG_ENABLE_OBJC_ARC = YES;
				CLANG_WARN_BLOCK_CAPTURE_AUTORELEASING = YES;
				CLANG_WARN_BOOL_CONVERSION = YES;
				CLANG_WARN_COMMA = YES;
				CLANG_WARN_CONSTANT_CONVERSION = YES;
				CLANG_WARN_DIRECT_OBJC_ISA_USAGE = YES_ERROR;
				CLANG_WARN_DOCUMENTATION_COMMENTS = YES;
				CLANG_WARN_EMPTY_BODY = YES;
				CLANG_WARN_ENUM_CONVERSION = YES;
				CLANG_WARN_INFINITE_RECURSION = YES;
				CLANG_WARN_INT_CONVERSION = YES;
				CLANG_WARN_NON_LITERAL_NULL_CONVERSION = YES;
				CLANG_WARN_OBJC_LITERAL_CONVERSION = YES;
				CLANG_WARN_OBJC_ROOT_CLASS = YES_ERROR;
				CLANG_WARN_RANGE_LOOP_ANALYSIS = YES;
				CLANG_WARN_STRICT_PROTOTYPES = YES;
				CLANG_WARN_SUSPICIOUS_MOVE = YES;
				CLANG_WARN_UNGUARDED_AVAILABILITY = YES_AGGRESSIVE;
				CLANG_WARN_UNREACHABLE_CODE = YES;
				CLANG_WARN__DUPLICATE_METHOD_MATCH = YES;
				CODE_SIGN_IDENTITY = "iPhone Developer";
				COPY_PHASE_STRIP = NO;
				DEBUG_INFORMATION_FORMAT = "dwarf-with-dsym";
				ENABLE_NS_ASSERTIONS = NO;
				ENABLE_STRICT_OBJC_MSGSEND = YES;
				GCC_C_LANGUAGE_STANDARD = gnu11;
				GCC_NO_COMMON_BLOCKS = YES;
				GCC_WARN_64_TO_32_BIT_CONVERSION = YES;
				GCC_WARN_ABOUT_RETURN_TYPE = YES_ERROR;
				GCC_WARN_UNDECLARED_SELECTOR = YES;
				GCC_WARN_UNINITIALIZED_AUTOS = YES_AGGRESSIVE;
				GCC_WARN_UNUSED_FUNCTION = YES;
				GCC_WARN_UNUSED_VARIABLE = YES;
				IPHONEOS_DEPLOYMENT_TARGET = 9.0;
				MTL_ENABLE_DEBUG_INFO = NO;
				SDKROOT = iphoneos;
				VALIDATE_PRODUCT = YES;
			};
			name = Release;
		};
		BB4F9FF51F87B6E400108C3C /* Debug */ = {
			isa = XCBuildConfiguration;
			baseConfigurationReference = 3B969F91F90D3A392AE5A021 /* Pods-RememberAll.debug.xcconfig */;
			buildSettings = {
				ASSETCATALOG_COMPILER_APPICON_NAME = AppIcon;
				CODE_SIGN_STYLE = Automatic;
				INFOPLIST_FILE = RememberAll/Info.plist;
				LD_RUNPATH_SEARCH_PATHS = "$(inherited) @executable_path/Frameworks";
				PRODUCT_BUNDLE_IDENTIFIER = example.RememberAll;
				PRODUCT_NAME = "$(TARGET_NAME)";
				TARGETED_DEVICE_FAMILY = 1;
			};
			name = Debug;
		};
		BB4F9FF61F87B6E400108C3C /* Release */ = {
			isa = XCBuildConfiguration;
			baseConfigurationReference = ED830BA6BEB727997D805D42 /* Pods-RememberAll.release.xcconfig */;
			buildSettings = {
				ASSETCATALOG_COMPILER_APPICON_NAME = AppIcon;
				CODE_SIGN_STYLE = Automatic;
				INFOPLIST_FILE = RememberAll/Info.plist;
				LD_RUNPATH_SEARCH_PATHS = "$(inherited) @executable_path/Frameworks";
				PRODUCT_BUNDLE_IDENTIFIER = example.RememberAll;
				PRODUCT_NAME = "$(TARGET_NAME)";
				TARGETED_DEVICE_FAMILY = 1;
			};
			name = Release;
		};
/* End XCBuildConfiguration section */

/* Begin XCConfigurationList section */
		BB4F9FD61F87B6E400108C3C /* Build configuration list for PBXProject "RememberAll" */ = {
			isa = XCConfigurationList;
			buildConfigurations = (
				BB4F9FF21F87B6E400108C3C /* Debug */,
				BB4F9FF31F87B6E400108C3C /* Release */,
			);
			defaultConfigurationIsVisible = 0;
			defaultConfigurationName = Release;
		};
		BB4F9FF41F87B6E400108C3C /* Build configuration list for PBXNativeTarget "RememberAll" */ = {
			isa = XCConfigurationList;
			buildConfigurations = (
				BB4F9FF51F87B6E400108C3C /* Debug */,
				BB4F9FF61F87B6E400108C3C /* Release */,
			);
			defaultConfigurationIsVisible = 0;
			defaultConfigurationName = Release;
		};
/* End XCConfigurationList section */

/* Begin XCVersionGroup section */
		BB4F9FE71F87B6E400108C3C /* RememberAll.xcdatamodeld */ = {
			isa = XCVersionGroup;
			children = (
				BB4F9FE81F87B6E400108C3C /* RememberAll.xcdatamodel */,
			);
			currentVersion = BB4F9FE81F87B6E400108C3C /* RememberAll.xcdatamodel */;
			path = RememberAll.xcdatamodeld;
			sourceTree = "<group>";
			versionGroupType = wrapper.xcdatamodel;
		};
/* End XCVersionGroup section */
	};
	rootObject = BB4F9FD31F87B6E400108C3C /* Project object */;
}
